
Microsoft Visual Studio Solution File, Format Version 12.00
# Visual Studio Version 17
VisualStudioVersion = 17.0.31903.59
MinimumVisualStudioVersion = 10.0.40219.1
Project("{2150E333-8FDC-42A3-9474-1A3956D46DE8}") = "src", "src", "{1A1869C8-05B0-409E-851E-F74E4F3B408A}"
EndProject
Project("{FAE04EC0-301F-11D3-BF4B-00C04F79EFBC}") = "BidCalculation.Api", "src\BidCalculation.Api\BidCalculation.Api.csproj", "{A06DA350-A2EE-442D-A2E7-0AD04BF829AF}"
EndProject
Project("{2150E333-8FDC-42A3-9474-1A3956D46DE8}") = "tests", "tests", "{8B415F1B-FE69-4CE3-ADA9-10BC5E6F1E55}"
EndProject
Project("{FAE04EC0-301F-11D3-BF4B-00C04F79EFBC}") = "BidCalculation.UnitTests", "tests\BidCalculation.UnitTests\BidCalculation.UnitTests.csproj", "{EE55DAA3-C2BC-4A22-8195-16796D7CF214}"
EndProject
Project("{FAE04EC0-301F-11D3-BF4B-00C04F79EFBC}") = "BidCalculation.IntegrationTests", "tests\BidCalculation.IntegrationTests\BidCalculation.IntegrationTests.csproj", "{61B30190-666B-4415-A703-A6DAE2161E69}"
EndProject
Project("{FAE04EC0-301F-11D3-BF4B-00C04F79EFBC}") = "BidCalculation.Appplication", "src\BidCalculation.Appplication\BidCalculation.Appplication.csproj", "{5681BCE3-4A61-41BC-A0DB-8A3B4EA19786}"
EndProject
Project("{FAE04EC0-301F-11D3-BF4B-00C04F79EFBC}") = "BidCalculation.TestHelper", "tests\BidCalculation.TestHelper\BidCalculation.TestHelper.csproj", "{B4881CA2-5C2A-4A80-803F-521E3059D63C}"
EndProject
Global
	GlobalSection(SolutionConfigurationPlatforms) = preSolution
		Debug|Any CPU = Debug|Any CPU
		Release|Any CPU = Release|Any CPU
	EndGlobalSection
	GlobalSection(SolutionProperties) = preSolution
		HideSolutionNode = FALSE
	EndGlobalSection
	GlobalSection(ProjectConfigurationPlatforms) = postSolution
		{A06DA350-A2EE-442D-A2E7-0AD04BF829AF}.Debug|Any CPU.ActiveCfg = Debug|Any CPU
		{A06DA350-A2EE-442D-A2E7-0AD04BF829AF}.Debug|Any CPU.Build.0 = Debug|Any CPU
		{A06DA350-A2EE-442D-A2E7-0AD04BF829AF}.Release|Any CPU.ActiveCfg = Release|Any CPU
		{A06DA350-A2EE-442D-A2E7-0AD04BF829AF}.Release|Any CPU.Build.0 = Release|Any CPU
		{EE55DAA3-C2BC-4A22-8195-16796D7CF214}.Debug|Any CPU.ActiveCfg = Debug|Any CPU
		{EE55DAA3-C2BC-4A22-8195-16796D7CF214}.Debug|Any CPU.Build.0 = Debug|Any CPU
		{EE55DAA3-C2BC-4A22-8195-16796D7CF214}.Release|Any CPU.ActiveCfg = Release|Any CPU
		{EE55DAA3-C2BC-4A22-8195-16796D7CF214}.Release|Any CPU.Build.0 = Release|Any CPU
		{61B30190-666B-4415-A703-A6DAE2161E69}.Debug|Any CPU.ActiveCfg = Debug|Any CPU
		{61B30190-666B-4415-A703-A6DAE2161E69}.Debug|Any CPU.Build.0 = Debug|Any CPU
		{61B30190-666B-4415-A703-A6DAE2161E69}.Release|Any CPU.ActiveCfg = Release|Any CPU
		{61B30190-666B-4415-A703-A6DAE2161E69}.Release|Any CPU.Build.0 = Release|Any CPU
		{5681BCE3-4A61-41BC-A0DB-8A3B4EA19786}.Debug|Any CPU.ActiveCfg = Debug|Any CPU
		{5681BCE3-4A61-41BC-A0DB-8A3B4EA19786}.Debug|Any CPU.Build.0 = Debug|Any CPU
		{5681BCE3-4A61-41BC-A0DB-8A3B4EA19786}.Release|Any CPU.ActiveCfg = Release|Any CPU
		{5681BCE3-4A61-41BC-A0DB-8A3B4EA19786}.Release|Any CPU.Build.0 = Release|Any CPU
		{B4881CA2-5C2A-4A80-803F-521E3059D63C}.Debug|Any CPU.ActiveCfg = Debug|Any CPU
		{B4881CA2-5C2A-4A80-803F-521E3059D63C}.Debug|Any CPU.Build.0 = Debug|Any CPU
		{B4881CA2-5C2A-4A80-803F-521E3059D63C}.Release|Any CPU.ActiveCfg = Release|Any CPU
		{B4881CA2-5C2A-4A80-803F-521E3059D63C}.Release|Any CPU.Build.0 = Release|Any CPU
	EndGlobalSection
	GlobalSection(NestedProjects) = preSolution
		{A06DA350-A2EE-442D-A2E7-0AD04BF829AF} = {1A1869C8-05B0-409E-851E-F74E4F3B408A}
		{EE55DAA3-C2BC-4A22-8195-16796D7CF214} = {8B415F1B-FE69-4CE3-ADA9-10BC5E6F1E55}
		{61B30190-666B-4415-A703-A6DAE2161E69} = {8B415F1B-FE69-4CE3-ADA9-10BC5E6F1E55}
		{5681BCE3-4A61-41BC-A0DB-8A3B4EA19786} = {1A1869C8-05B0-409E-851E-F74E4F3B408A}
		{B4881CA2-5C2A-4A80-803F-521E3059D63C} = {8B415F1B-FE69-4CE3-ADA9-10BC5E6F1E55}
	EndGlobalSection
EndGlobal
